
Microsoft Visual Studio Solution File, Format Version 12.00
# Visual Studio Version 16
VisualStudioVersion = 16.0.32630.194
MinimumVisualStudioVersion = 10.0.40219.1
Project("{FAE04EC0-301F-11D3-BF4B-00C04F79EFBC}") = "laborat6", "laborat6\laborat6.csproj", "{7CEC9481-2930-47BB-96F3-41D9085027CD}"
EndProject
Global
	GlobalSection(SolutionConfigurationPlatforms) = preSolution
		Debug|Any CPU = Debug|Any CPU
		Release|Any CPU = Release|Any CPU
	EndGlobalSection
	GlobalSection(ProjectConfigurationPlatforms) = postSolution
		{7CEC9481-2930-47BB-96F3-41D9085027CD}.Debug|Any CPU.ActiveCfg = Debug|Any CPU
		{7CEC9481-2930-47BB-96F3-41D9085027CD}.Debug|Any CPU.Build.0 = Debug|Any CPU
		{7CEC9481-2930-47BB-96F3-41D9085027CD}.Release|Any CPU.ActiveCfg = Release|Any CPU
		{7CEC9481-2930-47BB-96F3-41D9085027CD}.Release|Any CPU.Build.0 = Release|Any CPU
	EndGlobalSection
	GlobalSection(SolutionProperties) = preSolution
		HideSolutionNode = FALSE
	EndGlobalSection
	GlobalSection(ExtensibilityGlobals) = postSolution
		SolutionGuid = {EC6B3EF2-A5CE-44D2-A4A0-6FDA4A73080C}
	EndGlobalSection
EndGlobal
